
Microsoft Visual Studio Solution File, Format Version 12.00
# Visual Studio 15
VisualStudioVersion = 15.0.27130.2024
MinimumVisualStudioVersion = 10.0.40219.1
Project("{F184B08F-C81C-45F6-A57F-5ABD9991F28F}") = "Maintenance", "Maintenance\Maintenance.vbproj", "{9341BAE0-4765-4328-A7A6-3F999D15154A}"
EndProject
Global
	GlobalSection(SolutionConfigurationPlatforms) = preSolution
		Debug|Any CPU = Debug|Any CPU
		Release|Any CPU = Release|Any CPU
	EndGlobalSection
	GlobalSection(ProjectConfigurationPlatforms) = postSolution
		{9341BAE0-4765-4328-A7A6-3F999D15154A}.Debug|Any CPU.ActiveCfg = Debug|Any CPU
		{9341BAE0-4765-4328-A7A6-3F999D15154A}.Debug|Any CPU.Build.0 = Debug|Any CPU
		{9341BAE0-4765-4328-A7A6-3F999D15154A}.Release|Any CPU.ActiveCfg = Release|Any CPU
		{9341BAE0-4765-4328-A7A6-3F999D15154A}.Release|Any CPU.Build.0 = Release|Any CPU
	EndGlobalSection
	GlobalSection(SolutionProperties) = preSolution
		HideSolutionNode = FALSE
	EndGlobalSection
	GlobalSection(ExtensibilityGlobals) = postSolution
		SolutionGuid = {DDCE6512-6940-4563-94A2-5FAAAF45C037}
	EndGlobalSection
EndGlobal
